
Microsoft Visual Studio Solution File, Format Version 12.00
# Visual Studio 15
Project("{FAE04EC0-301F-11D3-BF4B-00C04F79EFBC}") = "ObjectivoF", "ObjectivoF.csproj", "{4941A316-7F1D-42A9-BD01-0E2CC2289D5C}"
EndProject
Global
	GlobalSection(SolutionConfigurationPlatforms) = preSolution
		Debug|Any CPU = Debug|Any CPU
		Release|Any CPU = Release|Any CPU
	EndGlobalSection
	GlobalSection(ProjectConfigurationPlatforms) = postSolution
		{4941A316-7F1D-42A9-BD01-0E2CC2289D5C}.Debug|Any CPU.ActiveCfg = Debug|Any CPU
		{4941A316-7F1D-42A9-BD01-0E2CC2289D5C}.Debug|Any CPU.Build.0 = Debug|Any CPU
		{4941A316-7F1D-42A9-BD01-0E2CC2289D5C}.Release|Any CPU.ActiveCfg = Release|Any CPU
		{4941A316-7F1D-42A9-BD01-0E2CC2289D5C}.Release|Any CPU.Build.0 = Release|Any CPU
	EndGlobalSection
EndGlobal
